
Microsoft Visual Studio Solution File, Format Version 12.00
# Visual Studio 14
VisualStudioVersion = 14.0.25420.1
MinimumVisualStudioVersion = 10.0.40219.1
Project("{FAE04EC0-301F-11D3-BF4B-00C04F79EFBC}") = "WpfApplication1", "WpfApplication1.csproj", "{49C058C8-7F0C-4E02-B482-236B2D9DDDB9}"
EndProject
Global
	GlobalSection(SolutionConfigurationPlatforms) = preSolution
		Debug|Any CPU = Debug|Any CPU
		Release|Any CPU = Release|Any CPU
	EndGlobalSection
	GlobalSection(ProjectConfigurationPlatforms) = postSolution
		{49C058C8-7F0C-4E02-B482-236B2D9DDDB9}.Debug|Any CPU.ActiveCfg = Debug|Any CPU
		{49C058C8-7F0C-4E02-B482-236B2D9DDDB9}.Debug|Any CPU.Build.0 = Debug|Any CPU
		{49C058C8-7F0C-4E02-B482-236B2D9DDDB9}.Release|Any CPU.ActiveCfg = Release|Any CPU
		{49C058C8-7F0C-4E02-B482-236B2D9DDDB9}.Release|Any CPU.Build.0 = Release|Any CPU
	EndGlobalSection
	GlobalSection(SolutionProperties) = preSolution
		HideSolutionNode = FALSE
	EndGlobalSection
EndGlobal
